
Microsoft Visual Studio Solution File, Format Version 12.00
# Visual Studio 2013
VisualStudioVersion = 12.0.30110.0
MinimumVisualStudioVersion = 10.0.40219.1
Project("{FAE04EC0-301F-11D3-BF4B-00C04F79EFBC}") = "Core", "Core\Core.csproj", "{631AC093-430F-45F4-BA0C-AF0F0405918A}"
EndProject
Project("{FAE04EC0-301F-11D3-BF4B-00C04F79EFBC}") = "Imaging", "Imaging\Imaging.csproj", "{C6A8B9AE-0749-41C7-8FF9-02C156696F45}"
	ProjectSection(ProjectDependencies) = postProject
		{631AC093-430F-45F4-BA0C-AF0F0405918A} = {631AC093-430F-45F4-BA0C-AF0F0405918A}
	EndProjectSection
EndProject
Project("{FAE04EC0-301F-11D3-BF4B-00C04F79EFBC}") = "Imaging.Formats", "Imaging.Formats\Imaging.Formats.csproj", "{50050BA8-B739-4931-8DBA-D77A031537FF}"
EndProject
Project("{FAE04EC0-301F-11D3-BF4B-00C04F79EFBC}") = "Video", "Video\Video.csproj", "{809725DC-6502-4732-A51C-DEB7FEA12975}"
	ProjectSection(ProjectDependencies) = postProject
		{631AC093-430F-45F4-BA0C-AF0F0405918A} = {631AC093-430F-45F4-BA0C-AF0F0405918A}
	EndProjectSection
EndProject
Project("{FAE04EC0-301F-11D3-BF4B-00C04F79EFBC}") = "Video.DirectShow", "Video.DirectShow\Video.DirectShow.csproj", "{26CD2CE7-FF63-4669-83B0-7D9C8F3408EE}"
	ProjectSection(ProjectDependencies) = postProject
		{809725DC-6502-4732-A51C-DEB7FEA12975} = {809725DC-6502-4732-A51C-DEB7FEA12975}
	EndProjectSection
EndProject
Project("{FAE04EC0-301F-11D3-BF4B-00C04F79EFBC}") = "Video.VFW", "Video.VFW\Video.VFW.csproj", "{22E852C0-17FF-4106-9DF6-41EABB8C0613}"
	ProjectSection(ProjectDependencies) = postProject
		{631AC093-430F-45F4-BA0C-AF0F0405918A} = {631AC093-430F-45F4-BA0C-AF0F0405918A}
		{26CD2CE7-FF63-4669-83B0-7D9C8F3408EE} = {26CD2CE7-FF63-4669-83B0-7D9C8F3408EE}
	EndProjectSection
EndProject
Project("{FAE04EC0-301F-11D3-BF4B-00C04F79EFBC}") = "Video.Ximea", "Video.Ximea\Video.Ximea.csproj", "{AEDD6CFB-747B-4077-9288-9CD2A86090F1}"
	ProjectSection(ProjectDependencies) = postProject
		{631AC093-430F-45F4-BA0C-AF0F0405918A} = {631AC093-430F-45F4-BA0C-AF0F0405918A}
		{809725DC-6502-4732-A51C-DEB7FEA12975} = {809725DC-6502-4732-A51C-DEB7FEA12975}
	EndProjectSection
EndProject
Project("{8BC9CEB8-8B4A-11D0-8D11-00A0C91BC942}") = "Video.FFMPEG.LGPL", "Video.FFMPEG\Video.FFMPEG.LGPL.vcxproj", "{FF31DD24-127D-4EB1-929C-F5738147E886}"
EndProject
Global
	GlobalSection(SolutionConfigurationPlatforms) = preSolution
		Debug Complete|Any CPU = Debug Complete|Any CPU
		Debug Complete|Mixed Platforms = Debug Complete|Mixed Platforms
		Debug Complete|Win32 = Debug Complete|Win32
		Debug Complete|x64 = Debug Complete|x64
		Debug|Any CPU = Debug|Any CPU
		Debug|Mixed Platforms = Debug|Mixed Platforms
		Debug|Win32 = Debug|Win32
		Debug|x64 = Debug|x64
		Release Complete|Any CPU = Release Complete|Any CPU
		Release Complete|Mixed Platforms = Release Complete|Mixed Platforms
		Release Complete|Win32 = Release Complete|Win32
		Release Complete|x64 = Release Complete|x64
		Release|Any CPU = Release|Any CPU
		Release|Mixed Platforms = Release|Mixed Platforms
		Release|Win32 = Release|Win32
		Release|x64 = Release|x64
	EndGlobalSection
	GlobalSection(ProjectConfigurationPlatforms) = postSolution
		{631AC093-430F-45F4-BA0C-AF0F0405918A}.Debug Complete|Any CPU.ActiveCfg = Debug|Any CPU
		{631AC093-430F-45F4-BA0C-AF0F0405918A}.Debug Complete|Any CPU.Build.0 = Debug|Any CPU
		{631AC093-430F-45F4-BA0C-AF0F0405918A}.Debug Complete|Mixed Platforms.ActiveCfg = Debug|Any CPU
		{631AC093-430F-45F4-BA0C-AF0F0405918A}.Debug Complete|Mixed Platforms.Build.0 = Debug|Any CPU
		{631AC093-430F-45F4-BA0C-AF0F0405918A}.Debug Complete|Win32.ActiveCfg = Debug|Any CPU
		{631AC093-430F-45F4-BA0C-AF0F0405918A}.Debug Complete|x64.ActiveCfg = Debug|Any CPU
		{631AC093-430F-45F4-BA0C-AF0F0405918A}.Debug|Any CPU.ActiveCfg = Debug|Any CPU
		{631AC093-430F-45F4-BA0C-AF0F0405918A}.Debug|Any CPU.Build.0 = Debug|Any CPU
		{631AC093-430F-45F4-BA0C-AF0F0405918A}.Debug|Mixed Platforms.ActiveCfg = Debug|Any CPU
		{631AC093-430F-45F4-BA0C-AF0F0405918A}.Debug|Mixed Platforms.Build.0 = Debug|Any CPU
		{631AC093-430F-45F4-BA0C-AF0F0405918A}.Debug|Win32.ActiveCfg = Debug|Any CPU
		{631AC093-430F-45F4-BA0C-AF0F0405918A}.Debug|x64.ActiveCfg = Debug|Any CPU
		{631AC093-430F-45F4-BA0C-AF0F0405918A}.Release Complete|Any CPU.ActiveCfg = Release|Any CPU
		{631AC093-430F-45F4-BA0C-AF0F0405918A}.Release Complete|Any CPU.Build.0 = Release|Any CPU
		{631AC093-430F-45F4-BA0C-AF0F0405918A}.Release Complete|Mixed Platforms.ActiveCfg = Release|Any CPU
		{631AC093-430F-45F4-BA0C-AF0F0405918A}.Release Complete|Mixed Platforms.Build.0 = Release|Any CPU
		{631AC093-430F-45F4-BA0C-AF0F0405918A}.Release Complete|Win32.ActiveCfg = Release|Any CPU
		{631AC093-430F-45F4-BA0C-AF0F0405918A}.Release Complete|x64.ActiveCfg = Release|Any CPU
		{631AC093-430F-45F4-BA0C-AF0F0405918A}.Release|Any CPU.ActiveCfg = Release|Any CPU
		{631AC093-430F-45F4-BA0C-AF0F0405918A}.Release|Any CPU.Build.0 = Release|Any CPU
		{631AC093-430F-45F4-BA0C-AF0F0405918A}.Release|Mixed Platforms.ActiveCfg = Release|Any CPU
		{631AC093-430F-45F4-BA0C-AF0F0405918A}.Release|Mixed Platforms.Build.0 = Release|Any CPU
		{631AC093-430F-45F4-BA0C-AF0F0405918A}.Release|Win32.ActiveCfg = Release|Any CPU
		{631AC093-430F-45F4-BA0C-AF0F0405918A}.Release|x64.ActiveCfg = Release|Any CPU
		{C6A8B9AE-0749-41C7-8FF9-02C156696F45}.Debug Complete|Any CPU.ActiveCfg = Debug|Any CPU
		{C6A8B9AE-0749-41C7-8FF9-02C156696F45}.Debug Complete|Any CPU.Build.0 = Debug|Any CPU
		{C6A8B9AE-0749-41C7-8FF9-02C156696F45}.Debug Complete|Mixed Platforms.ActiveCfg = Debug|Any CPU
		{C6A8B9AE-0749-41C7-8FF9-02C156696F45}.Debug Complete|Mixed Platforms.Build.0 = Debug|Any CPU
		{C6A8B9AE-0749-41C7-8FF9-02C156696F45}.Debug Complete|Win32.ActiveCfg = Debug|Any CPU
		{C6A8B9AE-0749-41C7-8FF9-02C156696F45}.Debug Complete|x64.ActiveCfg = Debug|Any CPU
		{C6A8B9AE-0749-41C7-8FF9-02C156696F45}.Debug|Any CPU.ActiveCfg = Debug|Any CPU
		{C6A8B9AE-0749-41C7-8FF9-02C156696F45}.Debug|Any CPU.Build.0 = Debug|Any CPU
		{C6A8B9AE-0749-41C7-8FF9-02C156696F45}.Debug|Mixed Platforms.ActiveCfg = Debug|Any CPU
		{C6A8B9AE-0749-41C7-8FF9-02C156696F45}.Debug|Mixed Platforms.Build.0 = Debug|Any CPU
		{C6A8B9AE-0749-41C7-8FF9-02C156696F45}.Debug|Win32.ActiveCfg = Debug|Any CPU
		{C6A8B9AE-0749-41C7-8FF9-02C156696F45}.Debug|x64.ActiveCfg = Debug|Any CPU
		{C6A8B9AE-0749-41C7-8FF9-02C156696F45}.Release Complete|Any CPU.ActiveCfg = Release|Any CPU
		{C6A8B9AE-0749-41C7-8FF9-02C156696F45}.Release Complete|Any CPU.Build.0 = Release|Any CPU
		{C6A8B9AE-0749-41C7-8FF9-02C156696F45}.Release Complete|Mixed Platforms.ActiveCfg = Release|Any CPU
		{C6A8B9AE-0749-41C7-8FF9-02C156696F45}.Release Complete|Mixed Platforms.Build.0 = Release|Any CPU
		{C6A8B9AE-0749-41C7-8FF9-02C156696F45}.Release Complete|Win32.ActiveCfg = Release|Any CPU
		{C6A8B9AE-0749-41C7-8FF9-02C156696F45}.Release Complete|x64.ActiveCfg = Release|Any CPU
		{C6A8B9AE-0749-41C7-8FF9-02C156696F45}.Release|Any CPU.ActiveCfg = Release|Any CPU
		{C6A8B9AE-0749-41C7-8FF9-02C156696F45}.Release|Any CPU.Build.0 = Release|Any CPU
		{C6A8B9AE-0749-41C7-8FF9-02C156696F45}.Release|Mixed Platforms.ActiveCfg = Release|Any CPU
		{C6A8B9AE-0749-41C7-8FF9-02C156696F45}.Release|Mixed Platforms.Build.0 = Release|Any CPU
		{C6A8B9AE-0749-41C7-8FF9-02C156696F45}.Release|Win32.ActiveCfg = Release|Any CPU
		{C6A8B9AE-0749-41C7-8FF9-02C156696F45}.Release|x64.ActiveCfg = Release|Any CPU
		{50050BA8-B739-4931-8DBA-D77A031537FF}.Debug Complete|Any CPU.ActiveCfg = Debug|Any CPU
		{50050BA8-B739-4931-8DBA-D77A031537FF}.Debug Complete|Any CPU.Build.0 = Debug|Any CPU
		{50050BA8-B739-4931-8DBA-D77A031537FF}.Debug Complete|Mixed Platforms.ActiveCfg = Debug|Any CPU
		{50050BA8-B739-4931-8DBA-D77A031537FF}.Debug Complete|Mixed Platforms.Build.0 = Debug|Any CPU
		{50050BA8-B739-4931-8DBA-D77A031537FF}.Debug Complete|Win32.ActiveCfg = Debug|Any CPU
		{50050BA8-B739-4931-8DBA-D77A031537FF}.Debug Complete|x64.ActiveCfg = Debug|Any CPU
		{50050BA8-B739-4931-8DBA-D77A031537FF}.Debug|Any CPU.ActiveCfg = Debug|Any CPU
		{50050BA8-B739-4931-8DBA-D77A031537FF}.Debug|Any CPU.Build.0 = Debug|Any CPU
		{50050BA8-B739-4931-8DBA-D77A031537FF}.Debug|Mixed Platforms.ActiveCfg = Debug|Any CPU
		{50050BA8-B739-4931-8DBA-D77A031537FF}.Debug|Mixed Platforms.Build.0 = Debug|Any CPU
		{50050BA8-B739-4931-8DBA-D77A031537FF}.Debug|Win32.ActiveCfg = Debug|Any CPU
		{50050BA8-B739-4931-8DBA-D77A031537FF}.Debug|x64.ActiveCfg = Debug|Any CPU
		{50050BA8-B739-4931-8DBA-D77A031537FF}.Release Complete|Any CPU.ActiveCfg = Release|Any CPU
		{50050BA8-B739-4931-8DBA-D77A031537FF}.Release Complete|Any CPU.Build.0 = Release|Any CPU
		{50050BA8-B739-4931-8DBA-D77A031537FF}.Release Complete|Mixed Platforms.ActiveCfg = Release|Any CPU
		{50050BA8-B739-4931-8DBA-D77A031537FF}.Release Complete|Mixed Platforms.Build.0 = Release|Any CPU
		{50050BA8-B739-4931-8DBA-D77A031537FF}.Release Complete|Win32.ActiveCfg = Release|Any CPU
		{50050BA8-B739-4931-8DBA-D77A031537FF}.Release Complete|x64.ActiveCfg = Release|Any CPU
		{50050BA8-B739-4931-8DBA-D77A031537FF}.Release|Any CPU.ActiveCfg = Release|Any CPU
		{50050BA8-B739-4931-8DBA-D77A031537FF}.Release|Any CPU.Build.0 = Release|Any CPU
		{50050BA8-B739-4931-8DBA-D77A031537FF}.Release|Mixed Platforms.ActiveCfg = Release|Any CPU
		{50050BA8-B739-4931-8DBA-D77A031537FF}.Release|Mixed Platforms.Build.0 = Release|Any CPU
		{50050BA8-B739-4931-8DBA-D77A031537FF}.Release|Win32.ActiveCfg = Release|Any CPU
		{50050BA8-B739-4931-8DBA-D77A031537FF}.Release|x64.ActiveCfg = Release|Any CPU
		{809725DC-6502-4732-A51C-DEB7FEA12975}.Debug Complete|Any CPU.ActiveCfg = Debug|Any CPU
		{809725DC-6502-4732-A51C-DEB7FEA12975}.Debug Complete|Any CPU.Build.0 = Debug|Any CPU
		{809725DC-6502-4732-A51C-DEB7FEA12975}.Debug Complete|Mixed Platforms.ActiveCfg = Debug|Any CPU
		{809725DC-6502-4732-A51C-DEB7FEA12975}.Debug Complete|Mixed Platforms.Build.0 = Debug|Any CPU
		{809725DC-6502-4732-A51C-DEB7FEA12975}.Debug Complete|Win32.ActiveCfg = Debug|Any CPU
		{809725DC-6502-4732-A51C-DEB7FEA12975}.Debug Complete|x64.ActiveCfg = Debug|Any CPU
		{809725DC-6502-4732-A51C-DEB7FEA12975}.Debug|Any CPU.ActiveCfg = Debug|Any CPU
		{809725DC-6502-4732-A51C-DEB7FEA12975}.Debug|Any CPU.Build.0 = Debug|Any CPU
		{809725DC-6502-4732-A51C-DEB7FEA12975}.Debug|Mixed Platforms.ActiveCfg = Debug|Any CPU
		{809725DC-6502-4732-A51C-DEB7FEA12975}.Debug|Mixed Platforms.Build.0 = Debug|Any CPU
		{809725DC-6502-4732-A51C-DEB7FEA12975}.Debug|Win32.ActiveCfg = Debug|Any CPU
		{809725DC-6502-4732-A51C-DEB7FEA12975}.Debug|x64.ActiveCfg = Debug|Any CPU
		{809725DC-6502-4732-A51C-DEB7FEA12975}.Release Complete|Any CPU.ActiveCfg = Release|Any CPU
		{809725DC-6502-4732-A51C-DEB7FEA12975}.Release Complete|Any CPU.Build.0 = Release|Any CPU
		{809725DC-6502-4732-A51C-DEB7FEA12975}.Release Complete|Mixed Platforms.ActiveCfg = Release|Any CPU
		{809725DC-6502-4732-A51C-DEB7FEA12975}.Release Complete|Mixed Platforms.Build.0 = Release|Any CPU
		{809725DC-6502-4732-A51C-DEB7FEA12975}.Release Complete|Win32.ActiveCfg = Release|Any CPU
		{809725DC-6502-4732-A51C-DEB7FEA12975}.Release Complete|x64.ActiveCfg = Release|Any CPU
		{809725DC-6502-4732-A51C-DEB7FEA12975}.Release|Any CPU.ActiveCfg = Release|Any CPU
		{809725DC-6502-4732-A51C-DEB7FEA12975}.Release|Any CPU.Build.0 = Release|Any CPU
		{809725DC-6502-4732-A51C-DEB7FEA12975}.Release|Mixed Platforms.ActiveCfg = Release|Any CPU
		{809725DC-6502-4732-A51C-DEB7FEA12975}.Release|Mixed Platforms.Build.0 = Release|Any CPU
		{809725DC-6502-4732-A51C-DEB7FEA12975}.Release|Win32.ActiveCfg = Release|Any CPU
		{809725DC-6502-4732-A51C-DEB7FEA12975}.Release|x64.ActiveCfg = Release|Any CPU
		{26CD2CE7-FF63-4669-83B0-7D9C8F3408EE}.Debug Complete|Any CPU.ActiveCfg = Debug|Any CPU
		{26CD2CE7-FF63-4669-83B0-7D9C8F3408EE}.Debug Complete|Any CPU.Build.0 = Debug|Any CPU
		{26CD2CE7-FF63-4669-83B0-7D9C8F3408EE}.Debug Complete|Mixed Platforms.ActiveCfg = Debug|Any CPU
		{26CD2CE7-FF63-4669-83B0-7D9C8F3408EE}.Debug Complete|Mixed Platforms.Build.0 = Debug|Any CPU
		{26CD2CE7-FF63-4669-83B0-7D9C8F3408EE}.Debug Complete|Win32.ActiveCfg = Debug|Any CPU
		{26CD2CE7-FF63-4669-83B0-7D9C8F3408EE}.Debug Complete|x64.ActiveCfg = Debug|Any CPU
		{26CD2CE7-FF63-4669-83B0-7D9C8F3408EE}.Debug|Any CPU.ActiveCfg = Debug|Any CPU
		{26CD2CE7-FF63-4669-83B0-7D9C8F3408EE}.Debug|Any CPU.Build.0 = Debug|Any CPU
		{26CD2CE7-FF63-4669-83B0-7D9C8F3408EE}.Debug|Mixed Platforms.ActiveCfg = Debug|Any CPU
		{26CD2CE7-FF63-4669-83B0-7D9C8F3408EE}.Debug|Mixed Platforms.Build.0 = Debug|Any CPU
		{26CD2CE7-FF63-4669-83B0-7D9C8F3408EE}.Debug|Win32.ActiveCfg = Debug|Any CPU
		{26CD2CE7-FF63-4669-83B0-7D9C8F3408EE}.Debug|x64.ActiveCfg = Debug|Any CPU
		{26CD2CE7-FF63-4669-83B0-7D9C8F3408EE}.Release Complete|Any CPU.ActiveCfg = Release|Any CPU
		{26CD2CE7-FF63-4669-83B0-7D9C8F3408EE}.Release Complete|Any CPU.Build.0 = Release|Any CPU
		{26CD2CE7-FF63-4669-83B0-7D9C8F3408EE}.Release Complete|Mixed Platforms.ActiveCfg = Release|Any CPU
		{26CD2CE7-FF63-4669-83B0-7D9C8F3408EE}.Release Complete|Mixed Platforms.Build.0 = Release|Any CPU
		{26CD2CE7-FF63-4669-83B0-7D9C8F3408EE}.Release Complete|Win32.ActiveCfg = Release|Any CPU
		{26CD2CE7-FF63-4669-83B0-7D9C8F3408EE}.Release Complete|x64.ActiveCfg = Release|Any CPU
		{26CD2CE7-FF63-4669-83B0-7D9C8F3408EE}.Release|Any CPU.ActiveCfg = Release|Any CPU
		{26CD2CE7-FF63-4669-83B0-7D9C8F3408EE}.Release|Any CPU.Build.0 = Release|Any CPU
		{26CD2CE7-FF63-4669-83B0-7D9C8F3408EE}.Release|Mixed Platforms.ActiveCfg = Release|Any CPU
		{26CD2CE7-FF63-4669-83B0-7D9C8F3408EE}.Release|Mixed Platforms.Build.0 = Release|Any CPU
		{26CD2CE7-FF63-4669-83B0-7D9C8F3408EE}.Release|Win32.ActiveCfg = Release|Any CPU
		{26CD2CE7-FF63-4669-83B0-7D9C8F3408EE}.Release|x64.ActiveCfg = Release|Any CPU
		{22E852C0-17FF-4106-9DF6-41EABB8C0613}.Debug Complete|Any CPU.ActiveCfg = Debug|Any CPU
		{22E852C0-17FF-4106-9DF6-41EABB8C0613}.Debug Complete|Any CPU.Build.0 = Debug|Any CPU
		{22E852C0-17FF-4106-9DF6-41EABB8C0613}.Debug Complete|Mixed Platforms.ActiveCfg = Debug|Any CPU
		{22E852C0-17FF-4106-9DF6-41EABB8C0613}.Debug Complete|Mixed Platforms.Build.0 = Debug|Any CPU
		{22E852C0-17FF-4106-9DF6-41EABB8C0613}.Debug Complete|Win32.ActiveCfg = Debug|Any CPU
		{22E852C0-17FF-4106-9DF6-41EABB8C0613}.Debug Complete|x64.ActiveCfg = Debug|Any CPU
		{22E852C0-17FF-4106-9DF6-41EABB8C0613}.Debug|Any CPU.ActiveCfg = Debug|Any CPU
		{22E852C0-17FF-4106-9DF6-41EABB8C0613}.Debug|Any CPU.Build.0 = Debug|Any CPU
		{22E852C0-17FF-4106-9DF6-41EABB8C0613}.Debug|Mixed Platforms.ActiveCfg = Debug|Any CPU
		{22E852C0-17FF-4106-9DF6-41EABB8C0613}.Debug|Mixed Platforms.Build.0 = Debug|Any CPU
		{22E852C0-17FF-4106-9DF6-41EABB8C0613}.Debug|Win32.ActiveCfg = Debug|Any CPU
		{22E852C0-17FF-4106-9DF6-41EABB8C0613}.Debug|x64.ActiveCfg = Debug|Any CPU
		{22E852C0-17FF-4106-9DF6-41EABB8C0613}.Release Complete|Any CPU.ActiveCfg = Release|Any CPU
		{22E852C0-17FF-4106-9DF6-41EABB8C0613}.Release Complete|Any CPU.Build.0 = Release|Any CPU
		{22E852C0-17FF-4106-9DF6-41EABB8C0613}.Release Complete|Mixed Platforms.ActiveCfg = Release|Any CPU
		{22E852C0-17FF-4106-9DF6-41EABB8C0613}.Release Complete|Mixed Platforms.Build.0 = Release|Any CPU
		{22E852C0-17FF-4106-9DF6-41EABB8C0613}.Release Complete|Win32.ActiveCfg = Release|Any CPU
		{22E852C0-17FF-4106-9DF6-41EABB8C0613}.Release Complete|x64.ActiveCfg = Release|Any CPU
		{22E852C0-17FF-4106-9DF6-41EABB8C0613}.Release|Any CPU.ActiveCfg = Release|Any CPU
		{22E852C0-17FF-4106-9DF6-41EABB8C0613}.Release|Any CPU.Build.0 = Release|Any CPU
		{22E852C0-17FF-4106-9DF6-41EABB8C0613}.Release|Mixed Platforms.ActiveCfg = Release|Any CPU
		{22E852C0-17FF-4106-9DF6-41EABB8C0613}.Release|Mixed Platforms.Build.0 = Release|Any CPU
		{22E852C0-17FF-4106-9DF6-41EABB8C0613}.Release|Win32.ActiveCfg = Release|Any CPU
		{22E852C0-17FF-4106-9DF6-41EABB8C0613}.Release|x64.ActiveCfg = Release|Any CPU
		{AEDD6CFB-747B-4077-9288-9CD2A86090F1}.Debug Complete|Any CPU.ActiveCfg = Debug|Any CPU
		{AEDD6CFB-747B-4077-9288-9CD2A86090F1}.Debug Complete|Any CPU.Build.0 = Debug|Any CPU
		{AEDD6CFB-747B-4077-9288-9CD2A86090F1}.Debug Complete|Mixed Platforms.ActiveCfg = Debug|Any CPU
		{AEDD6CFB-747B-4077-9288-9CD2A86090F1}.Debug Complete|Mixed Platforms.Build.0 = Debug|Any CPU
		{AEDD6CFB-747B-4077-9288-9CD2A86090F1}.Debug Complete|Win32.ActiveCfg = Debug|Any CPU
		{AEDD6CFB-747B-4077-9288-9CD2A86090F1}.Debug Complete|x64.ActiveCfg = Debug|Any CPU
		{AEDD6CFB-747B-4077-9288-9CD2A86090F1}.Debug|Any CPU.ActiveCfg = Debug|Any CPU
		{AEDD6CFB-747B-4077-9288-9CD2A86090F1}.Debug|Any CPU.Build.0 = Debug|Any CPU
		{AEDD6CFB-747B-4077-9288-9CD2A86090F1}.Debug|Mixed Platforms.ActiveCfg = Debug|Any CPU
		{AEDD6CFB-747B-4077-9288-9CD2A86090F1}.Debug|Mixed Platforms.Build.0 = Debug|Any CPU
		{AEDD6CFB-747B-4077-9288-9CD2A86090F1}.Debug|Win32.ActiveCfg = Debug|Any CPU
		{AEDD6CFB-747B-4077-9288-9CD2A86090F1}.Debug|x64.ActiveCfg = Debug|Any CPU
		{AEDD6CFB-747B-4077-9288-9CD2A86090F1}.Release Complete|Any CPU.ActiveCfg = Release|Any CPU
		{AEDD6CFB-747B-4077-9288-9CD2A86090F1}.Release Complete|Any CPU.Build.0 = Release|Any CPU
		{AEDD6CFB-747B-4077-9288-9CD2A86090F1}.Release Complete|Mixed Platforms.ActiveCfg = Release|Any CPU
		{AEDD6CFB-747B-4077-9288-9CD2A86090F1}.Release Complete|Mixed Platforms.Build.0 = Release|Any CPU
		{AEDD6CFB-747B-4077-9288-9CD2A86090F1}.Release Complete|Win32.ActiveCfg = Release|Any CPU
		{AEDD6CFB-747B-4077-9288-9CD2A86090F1}.Release Complete|x64.ActiveCfg = Release|Any CPU
		{AEDD6CFB-747B-4077-9288-9CD2A86090F1}.Release|Any CPU.ActiveCfg = Release|Any CPU
		{AEDD6CFB-747B-4077-9288-9CD2A86090F1}.Release|Any CPU.Build.0 = Release|Any CPU
		{AEDD6CFB-747B-4077-9288-9CD2A86090F1}.Release|Mixed Platforms.ActiveCfg = Release|Any CPU
		{AEDD6CFB-747B-4077-9288-9CD2A86090F1}.Release|Mixed Platforms.Build.0 = Release|Any CPU
		{AEDD6CFB-747B-4077-9288-9CD2A86090F1}.Release|Win32.ActiveCfg = Release|Any CPU
		{AEDD6CFB-747B-4077-9288-9CD2A86090F1}.Release|x64.ActiveCfg = Release|Any CPU
		{FF31DD24-127D-4EB1-929C-F5738147E886}.Debug Complete|Any CPU.ActiveCfg = Debug|Win32
		{FF31DD24-127D-4EB1-929C-F5738147E886}.Debug Complete|Mixed Platforms.ActiveCfg = Debug|Win32
		{FF31DD24-127D-4EB1-929C-F5738147E886}.Debug Complete|Mixed Platforms.Build.0 = Debug|Win32
		{FF31DD24-127D-4EB1-929C-F5738147E886}.Debug Complete|Win32.ActiveCfg = Debug|Win32
		{FF31DD24-127D-4EB1-929C-F5738147E886}.Debug Complete|Win32.Build.0 = Debug|Win32
		{FF31DD24-127D-4EB1-929C-F5738147E886}.Debug Complete|x64.ActiveCfg = Debug|x64
		{FF31DD24-127D-4EB1-929C-F5738147E886}.Debug Complete|x64.Build.0 = Debug|x64
		{FF31DD24-127D-4EB1-929C-F5738147E886}.Debug|Any CPU.ActiveCfg = Debug|Win32
		{FF31DD24-127D-4EB1-929C-F5738147E886}.Debug|Mixed Platforms.ActiveCfg = Debug|Win32
		{FF31DD24-127D-4EB1-929C-F5738147E886}.Debug|Mixed Platforms.Build.0 = Debug|Win32
		{FF31DD24-127D-4EB1-929C-F5738147E886}.Debug|Win32.ActiveCfg = Debug|Win32
		{FF31DD24-127D-4EB1-929C-F5738147E886}.Debug|Win32.Build.0 = Debug|Win32
		{FF31DD24-127D-4EB1-929C-F5738147E886}.Debug|x64.ActiveCfg = Debug|x64
		{FF31DD24-127D-4EB1-929C-F5738147E886}.Debug|x64.Build.0 = Debug|x64
		{FF31DD24-127D-4EB1-929C-F5738147E886}.Release Complete|Any CPU.ActiveCfg = Release|Win32
		{FF31DD24-127D-4EB1-929C-F5738147E886}.Release Complete|Mixed Platforms.ActiveCfg = Release|Win32
		{FF31DD24-127D-4EB1-929C-F5738147E886}.Release Complete|Mixed Platforms.Build.0 = Release|Win32
		{FF31DD24-127D-4EB1-929C-F5738147E886}.Release Complete|Win32.ActiveCfg = Release|Win32
		{FF31DD24-127D-4EB1-929C-F5738147E886}.Release Complete|Win32.Build.0 = Release|Win32
		{FF31DD24-127D-4EB1-929C-F5738147E886}.Release Complete|x64.ActiveCfg = Release|x64
		{FF31DD24-127D-4EB1-929C-F5738147E886}.Release Complete|x64.Build.0 = Release|x64
		{FF31DD24-127D-4EB1-929C-F5738147E886}.Release|Any CPU.ActiveCfg = Release|Win32
		{FF31DD24-127D-4EB1-929C-F5738147E886}.Release|Mixed Platforms.ActiveCfg = Release|Win32
		{FF31DD24-127D-4EB1-929C-F5738147E886}.Release|Mixed Platforms.Build.0 = Release|Win32
		{FF31DD24-127D-4EB1-929C-F5738147E886}.Release|Win32.ActiveCfg = Release|Win32
		{FF31DD24-127D-4EB1-929C-F5738147E886}.Release|Win32.Build.0 = Release|Win32
		{FF31DD24-127D-4EB1-929C-F5738147E886}.Release|x64.ActiveCfg = Release|x64
		{FF31DD24-127D-4EB1-929C-F5738147E886}.Release|x64.Build.0 = Release|x64
	EndGlobalSection
	GlobalSection(SolutionProperties) = preSolution
		HideSolutionNode = FALSE
	EndGlobalSection
EndGlobal
